
Microsoft Visual Studio Solution File, Format Version 11.00
# Visual Studio 2010
Project("{FAE04EC0-301F-11D3-BF4B-00C04F79EFBC}") = "Assembly-CSharp", "Assembly-CSharp.csproj", "{bda9d473-2214-2442-1888-1d1bb304fe5a}"
EndProject
Project("{FAE04EC0-301F-11D3-BF4B-00C04F79EFBC}") = "Siccity.GLTFUtility", "Siccity.GLTFUtility.csproj", "{e6c8fca9-b94e-8dd8-cb01-049b9e847bbb}"
EndProject
Project("{FAE04EC0-301F-11D3-BF4B-00C04F79EFBC}") = "glTFast", "glTFast.csproj", "{4775183a-8328-4bff-744a-a6609d46d11c}"
EndProject
Project("{FAE04EC0-301F-11D3-BF4B-00C04F79EFBC}") = "glTFastSchema", "glTFastSchema.csproj", "{11bad1b3-f3d8-e922-2644-4f3eac4b9735}"
EndProject
Project("{FAE04EC0-301F-11D3-BF4B-00C04F79EFBC}") = "glTFastFakeSchema", "glTFastFakeSchema.csproj", "{e8171695-b1a9-315f-9507-5beed5c55583}"
EndProject
Project("{FAE04EC0-301F-11D3-BF4B-00C04F79EFBC}") = "glTFSampleModels", "glTFSampleModels.csproj", "{30b6cbc3-c647-58bf-62c4-342769630ee3}"
EndProject
Project("{FAE04EC0-301F-11D3-BF4B-00C04F79EFBC}") = "glTFastTests", "glTFastTests.csproj", "{7fb7625e-3816-e136-439b-9ae0c27a0f2b}"
EndProject
Project("{FAE04EC0-301F-11D3-BF4B-00C04F79EFBC}") = "Draco", "Draco.csproj", "{84e4debb-31c2-ac63-d2af-7d0aacef8155}"
EndProject
Project("{FAE04EC0-301F-11D3-BF4B-00C04F79EFBC}") = "DracoEditor", "DracoEditor.csproj", "{ce8368a3-13ea-fc07-aa92-0e5243617c87}"
EndProject
Project("{FAE04EC0-301F-11D3-BF4B-00C04F79EFBC}") = "Siccity.GLTFUtility.Editor", "Siccity.GLTFUtility.Editor.csproj", "{55c4f167-0ee6-a38d-cb8d-84a81fe40e77}"
EndProject
Project("{FAE04EC0-301F-11D3-BF4B-00C04F79EFBC}") = "Assembly-CSharp-Editor", "Assembly-CSharp-Editor.csproj", "{53444980-89f7-81c1-9c38-f66749434abb}"
EndProject
Global
	GlobalSection(SolutionConfigurationPlatforms) = preSolution
		Debug|Any CPU = Debug|Any CPU
	EndGlobalSection
	GlobalSection(ProjectConfigurationPlatforms) = postSolution
		{bda9d473-2214-2442-1888-1d1bb304fe5a}.Debug|Any CPU.ActiveCfg = Debug|Any CPU
		{bda9d473-2214-2442-1888-1d1bb304fe5a}.Debug|Any CPU.Build.0 = Debug|Any CPU
		{e6c8fca9-b94e-8dd8-cb01-049b9e847bbb}.Debug|Any CPU.ActiveCfg = Debug|Any CPU
		{e6c8fca9-b94e-8dd8-cb01-049b9e847bbb}.Debug|Any CPU.Build.0 = Debug|Any CPU
		{4775183a-8328-4bff-744a-a6609d46d11c}.Debug|Any CPU.ActiveCfg = Debug|Any CPU
		{4775183a-8328-4bff-744a-a6609d46d11c}.Debug|Any CPU.Build.0 = Debug|Any CPU
		{11bad1b3-f3d8-e922-2644-4f3eac4b9735}.Debug|Any CPU.ActiveCfg = Debug|Any CPU
		{11bad1b3-f3d8-e922-2644-4f3eac4b9735}.Debug|Any CPU.Build.0 = Debug|Any CPU
		{e8171695-b1a9-315f-9507-5beed5c55583}.Debug|Any CPU.ActiveCfg = Debug|Any CPU
		{e8171695-b1a9-315f-9507-5beed5c55583}.Debug|Any CPU.Build.0 = Debug|Any CPU
		{30b6cbc3-c647-58bf-62c4-342769630ee3}.Debug|Any CPU.ActiveCfg = Debug|Any CPU
		{30b6cbc3-c647-58bf-62c4-342769630ee3}.Debug|Any CPU.Build.0 = Debug|Any CPU
		{7fb7625e-3816-e136-439b-9ae0c27a0f2b}.Debug|Any CPU.ActiveCfg = Debug|Any CPU
		{7fb7625e-3816-e136-439b-9ae0c27a0f2b}.Debug|Any CPU.Build.0 = Debug|Any CPU
		{84e4debb-31c2-ac63-d2af-7d0aacef8155}.Debug|Any CPU.ActiveCfg = Debug|Any CPU
		{84e4debb-31c2-ac63-d2af-7d0aacef8155}.Debug|Any CPU.Build.0 = Debug|Any CPU
		{ce8368a3-13ea-fc07-aa92-0e5243617c87}.Debug|Any CPU.ActiveCfg = Debug|Any CPU
		{ce8368a3-13ea-fc07-aa92-0e5243617c87}.Debug|Any CPU.Build.0 = Debug|Any CPU
		{55c4f167-0ee6-a38d-cb8d-84a81fe40e77}.Debug|Any CPU.ActiveCfg = Debug|Any CPU
		{55c4f167-0ee6-a38d-cb8d-84a81fe40e77}.Debug|Any CPU.Build.0 = Debug|Any CPU
		{53444980-89f7-81c1-9c38-f66749434abb}.Debug|Any CPU.ActiveCfg = Debug|Any CPU
		{53444980-89f7-81c1-9c38-f66749434abb}.Debug|Any CPU.Build.0 = Debug|Any CPU
	EndGlobalSection
	GlobalSection(SolutionProperties) = preSolution
		HideSolutionNode = FALSE
	EndGlobalSection
EndGlobal
